{
  "name": "Job4U",
  "lockfileVersion": 2,
  "requires": true,
  "packages": {
    "": {
      "dependencies": {
        "bootstrap": "^5.2.3",
        "fullcalendar": "^3.10.2"
      }
    },
    "node_modules/@popperjs/core": {
      "version": "2.11.7",
      "resolved": "https://registry.npmjs.org/@popperjs/core/-/core-2.11.7.tgz",
      "integrity": "sha512-Cr4OjIkipTtcXKjAsm8agyleBuDHvxzeBoa1v543lbv1YaIwQjESsVcmjiWiPEbC1FIeHOG/Op9kdCmAmiS3Kw==",
      "peer": true,
      "funding": {
        "type": "opencollective",
        "url": "https://opencollective.com/popperjs"
      }
    },
    "node_modules/bootstrap": {
      "version": "5.2.3",
      "resolved": "https://registry.npmjs.org/bootstrap/-/bootstrap-5.2.3.tgz",
      "integrity": "sha512-cEKPM+fwb3cT8NzQZYEu4HilJ3anCrWqh3CHAok1p9jXqMPsPTBhU25fBckEJHJ/p+tTxTFTsFQGM+gaHpi3QQ==",
      "funding": [
        {
          "type": "github",
          "url": "https://github.com/sponsors/twbs"
        },
        {
          "type": "opencollective",
          "url": "https://opencollective.com/bootstrap"
        }
      ],
      "peerDependencies": {
        "@popperjs/core": "^2.11.6"
      }
    },
    "node_modules/fullcalendar": {
      "version": "3.10.2",
      "resolved": "https://registry.npmjs.org/fullcalendar/-/fullcalendar-3.10.2.tgz",
      "integrity": "sha512-YWZaHdp8ZLBqhPz615PoXdA49ymsBTUF+MGDM6H3vyz71Pv/ZW9Pm9/Mj3x6n822k6bs2txFO7muRTSvBhsqKg==",
      "hasShrinkwrap": true,
      "peerDependencies": {
        "jquery": "2 - 3",
        "moment": "^2.20.1"
      }
    },
    "node_modules/fullcalendar/node_modules/jquery": {
      "version": "3.5.1",
      "resolved": "https://registry.npmjs.org/jquery/-/jquery-3.5.1.tgz",
      "integrity": "sha512-XwIBPqcMn57FxfT+Go5pzySnm4KWkT1Tv7gjrpT1srtf8Weynl6R273VJ5GjkRb51IzMp5nbaPjJXMWeju2MKg==",
      "peer": true
    },
    "node_modules/fullcalendar/node_modules/moment": {
      "version": "2.25.3",
      "resolved": "https://registry.npmjs.org/moment/-/moment-2.25.3.tgz",
      "integrity": "sha512-PuYv0PHxZvzc15Sp8ybUCoQ+xpyPWvjOuK72a5ovzp2LI32rJXOiIfyoFoYvG3s6EwwrdkMyWuRiEHSZRLJNdg==",
      "peer": true
    }
  },
  "dependencies": {
    "@popperjs/core": {
      "version": "2.11.7",
      "resolved": "https://registry.npmjs.org/@popperjs/core/-/core-2.11.7.tgz",
      "integrity": "sha512-Cr4OjIkipTtcXKjAsm8agyleBuDHvxzeBoa1v543lbv1YaIwQjESsVcmjiWiPEbC1FIeHOG/Op9kdCmAmiS3Kw==",
      "peer": true
    },
    "bootstrap": {
      "version": "5.2.3",
      "resolved": "https://registry.npmjs.org/bootstrap/-/bootstrap-5.2.3.tgz",
      "integrity": "sha512-cEKPM+fwb3cT8NzQZYEu4HilJ3anCrWqh3CHAok1p9jXqMPsPTBhU25fBckEJHJ/p+tTxTFTsFQGM+gaHpi3QQ==",
      "requires": {}
    },
    "fullcalendar": {
      "version": "3.10.2",
      "resolved": "https://registry.npmjs.org/fullcalendar/-/fullcalendar-3.10.2.tgz",
      "integrity": "sha512-YWZaHdp8ZLBqhPz615PoXdA49ymsBTUF+MGDM6H3vyz71Pv/ZW9Pm9/Mj3x6n822k6bs2txFO7muRTSvBhsqKg==",
      "requires": {},
      "dependencies": {
        "jquery": {
          "version": "https://registry.npmjs.org/jquery/-/jquery-3.5.1.tgz",
          "integrity": "sha512-XwIBPqcMn57FxfT+Go5pzySnm4KWkT1Tv7gjrpT1srtf8Weynl6R273VJ5GjkRb51IzMp5nbaPjJXMWeju2MKg==",
          "peer": true
        },
        "moment": {
          "version": "https://registry.npmjs.org/moment/-/moment-2.25.3.tgz",
          "integrity": "sha512-PuYv0PHxZvzc15Sp8ybUCoQ+xpyPWvjOuK72a5ovzp2LI32rJXOiIfyoFoYvG3s6EwwrdkMyWuRiEHSZRLJNdg==",
          "peer": true
        }
      }
    }
  }
}
